<Solution>
  <Folder Name="/src/">
    <Project Path="src/IssueToPrAgent.Application/IssueToPrAgent.Application.csproj" />
    <Project Path="src/IssueToPrAgent.Domain/IssueToPrAgent.Domain.csproj" />
    <Project Path="src/IssueToPrAgent.Infrastructure/IssueToPrAgent.Infrastructure.csproj" />
  </Folder>
  <Folder Name="/tests/">
    <Project Path="tests/IssueToPrAgent.IntegrationTests/IssueToPrAgent.IntegrationTests.csproj" />
    <Project Path="tests/IssueToPrAgent.UnitTests/IssueToPrAgent.UnitTests.csproj" />
  </Folder>
</Solution>
